{
  "name": "mdnotes",
  "version": "2.1.0",
  "lockfileVersion": 3,
  "requires": true,
  "packages": {
    "": {
      "name": "mdnotes",
      "version": "2.1.0",
      "license": "MIT",
      "dependencies": {
        "dexie": "^4.2.1"
      },
      "devDependencies": {}
    },
    "node_modules/dexie": {
      "version": "4.2.1",
      "resolved": "https://registry.npmjs.org/dexie/-/dexie-4.2.1.tgz",
      "integrity": "sha512-Ckej0NS6jxQ4Po3OrSQBFddayRhTCic2DoCAG5zacOfOVB9P2Q5Xc5uL/nVa7ZVs+HdMnvUPzLFCB/JwpB6Csg==",
      "license": "Apache-2.0"
    }
  }
}
